// !$*UTF8*$!
{
	archiveVersion = 1;
	classes = {
	};
	objectVersion = 56;
	objects = {

/* Begin PBXBuildFile section */
		0D067E8B2CD1AFCB006FA958 /* ClientsListViewController.swift in Sources */ = {isa = PBXBuildFile; fileRef = 0D067E8A2CD1AFCB006FA958 /* ClientsListViewController.swift */; };
		0D067E912CD5950E006FA958 /* UITableView+Extension.swift in Sources */ = {isa = PBXBuildFile; fileRef = 0D067E902CD5950E006FA958 /* UITableView+Extension.swift */; };
		0D227AF42CF421E800C92CD8 /* HomeSplitViewController.swift in Sources */ = {isa = PBXBuildFile; fileRef = 0D227AF32CF421E800C92CD8 /* HomeSplitViewController.swift */; };
		0D227AF62CF42A3500C92CD8 /* HomeOptionsViewController.swift in Sources */ = {isa = PBXBuildFile; fileRef = 0D227AF52CF42A3500C92CD8 /* HomeOptionsViewController.swift */; };
		0D227AF82CF42A5A00C92CD8 /* HomeOptionsView.swift in Sources */ = {isa = PBXBuildFile; fileRef = 0D227AF72CF42A5A00C92CD8 /* HomeOptionsView.swift */; };
		0D7B81E82CE7D2B30056F965 /* LoginViewController.swift in Sources */ = {isa = PBXBuildFile; fileRef = 0D7B81E72CE7D2B30056F965 /* LoginViewController.swift */; };
		0D7B81EA2CE7D3000056F965 /* UICodeViewController.swift in Sources */ = {isa = PBXBuildFile; fileRef = 0D7B81E92CE7D3000056F965 /* UICodeViewController.swift */; };
		0D7B81EC2CE7D3D10056F965 /* UICodeView.swift in Sources */ = {isa = PBXBuildFile; fileRef = 0D7B81EB2CE7D3D10056F965 /* UICodeView.swift */; };
		0D7B81EE2CE7D4820056F965 /* LoginView.swift in Sources */ = {isa = PBXBuildFile; fileRef = 0D7B81ED2CE7D4820056F965 /* LoginView.swift */; };
		0D7B81F02CE7D5670056F965 /* UIPaddingTextField.swift in Sources */ = {isa = PBXBuildFile; fileRef = 0D7B81EF2CE7D5670056F965 /* UIPaddingTextField.swift */; };
		0D7B81F22CE7DE890056F965 /* UIStackView+Extension.swift in Sources */ = {isa = PBXBuildFile; fileRef = 0D7B81F12CE7DE890056F965 /* UIStackView+Extension.swift */; };
		0D7B81F72CE835A70056F965 /* CoreDataModel.xcdatamodeld in Sources */ = {isa = PBXBuildFile; fileRef = 0D7B81F52CE835A70056F965 /* CoreDataModel.xcdatamodeld */; };
		0D7B81F92CE83A400056F965 /* CoreDataModel.swift in Sources */ = {isa = PBXBuildFile; fileRef = 0D7B81F82CE83A400056F965 /* CoreDataModel.swift */; };
		0D7B81FB2CE83A800056F965 /* CoreDataStoring.swift in Sources */ = {isa = PBXBuildFile; fileRef = 0D7B81FA2CE83A800056F965 /* CoreDataStoring.swift */; };
		0D7B81FF2CE83B890056F965 /* UserEntity.swift in Sources */ = {isa = PBXBuildFile; fileRef = 0D7B81FE2CE83B890056F965 /* UserEntity.swift */; };
		0D7B82012CE843BB0056F965 /* String+Extension.swift in Sources */ = {isa = PBXBuildFile; fileRef = 0D7B82002CE843BB0056F965 /* String+Extension.swift */; };
		0D7B82052CEC0A520056F965 /* LoginDomain.swift in Sources */ = {isa = PBXBuildFile; fileRef = 0D7B82042CEC0A520056F965 /* LoginDomain.swift */; };
		0D7B82072CEF5F260056F965 /* UIButton+Extension.swift in Sources */ = {isa = PBXBuildFile; fileRef = 0D7B82062CEF5F260056F965 /* UIButton+Extension.swift */; };
		0DBE139F2CF431E300CF58F5 /* UIWindow+Extenion.swift in Sources */ = {isa = PBXBuildFile; fileRef = 0DBE139E2CF431E300CF58F5 /* UIWindow+Extenion.swift */; };
		0DBE13A22CF4D1DE00CF58F5 /* UIView+Extension.swift in Sources */ = {isa = PBXBuildFile; fileRef = 0DBE13A12CF4D1DE00CF58F5 /* UIView+Extension.swift */; };
		0DBE13A42CF5355700CF58F5 /* UICodeControl.swift in Sources */ = {isa = PBXBuildFile; fileRef = 0DBE13A32CF5355700CF58F5 /* UICodeControl.swift */; };
		0DBE13A62CF5636A00CF58F5 /* ItemSelectorView.swift in Sources */ = {isa = PBXBuildFile; fileRef = 0DBE13A52CF5636A00CF58F5 /* ItemSelectorView.swift */; };
		0DBE13A82CF564D900CF58F5 /* HomeItemButton.swift in Sources */ = {isa = PBXBuildFile; fileRef = 0DBE13A72CF564D900CF58F5 /* HomeItemButton.swift */; };
		0DBE13AA2CF598C900CF58F5 /* VehiclesSalesViewController.swift in Sources */ = {isa = PBXBuildFile; fileRef = 0DBE13A92CF598C900CF58F5 /* VehiclesSalesViewController.swift */; };
		0DBE13AC2CF598EB00CF58F5 /* VehicleSalesView.swift in Sources */ = {isa = PBXBuildFile; fileRef = 0DBE13AB2CF598EB00CF58F5 /* VehicleSalesView.swift */; };
		0DBE13AE2CF5FDCC00CF58F5 /* VehicleItemCell.swift in Sources */ = {isa = PBXBuildFile; fileRef = 0DBE13AD2CF5FDCC00CF58F5 /* VehicleItemCell.swift */; };
		0DBE13B02CF600DC00CF58F5 /* UICodeTableViewCell.swift in Sources */ = {isa = PBXBuildFile; fileRef = 0DBE13AF2CF600DC00CF58F5 /* UICodeTableViewCell.swift */; };
		0DBE13B72CF82B3700CF58F5 /* VehicleRegisterViewController.swift in Sources */ = {isa = PBXBuildFile; fileRef = 0DBE13B62CF82B3700CF58F5 /* VehicleRegisterViewController.swift */; };
		0DBE13B92CF8351200CF58F5 /* UIDecimalField.swift in Sources */ = {isa = PBXBuildFile; fileRef = 0DBE13B82CF8351200CF58F5 /* UIDecimalField.swift */; };
		0DBE13BB2CF8C9BC00CF58F5 /* VehicleRegisterView.swift in Sources */ = {isa = PBXBuildFile; fileRef = 0DBE13BA2CF8C9BC00CF58F5 /* VehicleRegisterView.swift */; };
		0DBE13BD2CF8CCAD00CF58F5 /* Decimal+Extension.swift in Sources */ = {isa = PBXBuildFile; fileRef = 0DBE13BC2CF8CCAD00CF58F5 /* Decimal+Extension.swift */; };
		0DBE13BF2CF8FD3A00CF58F5 /* UIOptionAlert.swift in Sources */ = {isa = PBXBuildFile; fileRef = 0DBE13BE2CF8FD3A00CF58F5 /* UIOptionAlert.swift */; };
		0DBE13C12CF901FC00CF58F5 /* UIContentScrollView.swift in Sources */ = {isa = PBXBuildFile; fileRef = 0DBE13C02CF901FC00CF58F5 /* UIContentScrollView.swift */; };
		0DE9B1AA2CCC58F50060B154 /* AppDelegate.swift in Sources */ = {isa = PBXBuildFile; fileRef = 0DE9B1A92CCC58F50060B154 /* AppDelegate.swift */; };
		0DE9B1AC2CCC58F50060B154 /* SceneDelegate.swift in Sources */ = {isa = PBXBuildFile; fileRef = 0DE9B1AB2CCC58F50060B154 /* SceneDelegate.swift */; };
		0DE9B1B32CCC58F70060B154 /* Assets.xcassets in Resources */ = {isa = PBXBuildFile; fileRef = 0DE9B1B22CCC58F70060B154 /* Assets.xcassets */; };
		0DE9B1B62CCC58F70060B154 /* LaunchScreen.storyboard in Resources */ = {isa = PBXBuildFile; fileRef = 0DE9B1B42CCC58F70060B154 /* LaunchScreen.storyboard */; };
		0DE9B1BF2CCEC5680060B154 /* Stevia in Frameworks */ = {isa = PBXBuildFile; productRef = 0DE9B1BE2CCEC5680060B154 /* Stevia */; };
		0DE9B1C52CCFDEC00060B154 /* ClientModel.swift in Sources */ = {isa = PBXBuildFile; fileRef = 0DE9B1C42CCFDEC00060B154 /* ClientModel.swift */; };
		0DE9B1C72CD015AC0060B154 /* SellerModel.swift in Sources */ = {isa = PBXBuildFile; fileRef = 0DE9B1C62CD015AC0060B154 /* SellerModel.swift */; };
		0DE9B1C92CD0165D0060B154 /* VehicleModel.swift in Sources */ = {isa = PBXBuildFile; fileRef = 0DE9B1C82CD0165D0060B154 /* VehicleModel.swift */; };
		0DE9B1CB2CD017A70060B154 /* OperationModel.swift in Sources */ = {isa = PBXBuildFile; fileRef = 0DE9B1CA2CD017A60060B154 /* OperationModel.swift */; };
		0DE9B1CD2CD01AE20060B154 /* OrderModel.swift in Sources */ = {isa = PBXBuildFile; fileRef = 0DE9B1CC2CD01AE20060B154 /* OrderModel.swift */; };
		0DE9B1CF2CD01B4A0060B154 /* ManufacturerModel.swift in Sources */ = {isa = PBXBuildFile; fileRef = 0DE9B1CE2CD01B4A0060B154 /* ManufacturerModel.swift */; };
/* End PBXBuildFile section */

/* Begin PBXFileReference section */
		0D067E8A2CD1AFCB006FA958 /* ClientsListViewController.swift */ = {isa = PBXFileReference; lastKnownFileType = sourcecode.swift; path = ClientsListViewController.swift; sourceTree = "<group>"; };
		0D067E902CD5950E006FA958 /* UITableView+Extension.swift */ = {isa = PBXFileReference; lastKnownFileType = sourcecode.swift; path = "UITableView+Extension.swift"; sourceTree = "<group>"; };
		0D227AF32CF421E800C92CD8 /* HomeSplitViewController.swift */ = {isa = PBXFileReference; lastKnownFileType = sourcecode.swift; path = HomeSplitViewController.swift; sourceTree = "<group>"; };
		0D227AF52CF42A3500C92CD8 /* HomeOptionsViewController.swift */ = {isa = PBXFileReference; lastKnownFileType = sourcecode.swift; path = HomeOptionsViewController.swift; sourceTree = "<group>"; };
		0D227AF72CF42A5A00C92CD8 /* HomeOptionsView.swift */ = {isa = PBXFileReference; lastKnownFileType = sourcecode.swift; path = HomeOptionsView.swift; sourceTree = "<group>"; };
		0D7B81E72CE7D2B30056F965 /* LoginViewController.swift */ = {isa = PBXFileReference; lastKnownFileType = sourcecode.swift; path = LoginViewController.swift; sourceTree = "<group>"; };
		0D7B81E92CE7D3000056F965 /* UICodeViewController.swift */ = {isa = PBXFileReference; lastKnownFileType = sourcecode.swift; path = UICodeViewController.swift; sourceTree = "<group>"; };
		0D7B81EB2CE7D3D10056F965 /* UICodeView.swift */ = {isa = PBXFileReference; lastKnownFileType = sourcecode.swift; path = UICodeView.swift; sourceTree = "<group>"; };
		0D7B81ED2CE7D4820056F965 /* LoginView.swift */ = {isa = PBXFileReference; lastKnownFileType = sourcecode.swift; path = LoginView.swift; sourceTree = "<group>"; };
		0D7B81EF2CE7D5670056F965 /* UIPaddingTextField.swift */ = {isa = PBXFileReference; lastKnownFileType = sourcecode.swift; path = UIPaddingTextField.swift; sourceTree = "<group>"; };
		0D7B81F12CE7DE890056F965 /* UIStackView+Extension.swift */ = {isa = PBXFileReference; lastKnownFileType = sourcecode.swift; path = "UIStackView+Extension.swift"; sourceTree = "<group>"; };
		0D7B81F62CE835A70056F965 /* CoreData.xcdatamodel */ = {isa = PBXFileReference; lastKnownFileType = wrapper.xcdatamodel; path = CoreData.xcdatamodel; sourceTree = "<group>"; };
		0D7B81F82CE83A400056F965 /* CoreDataModel.swift */ = {isa = PBXFileReference; lastKnownFileType = sourcecode.swift; path = CoreDataModel.swift; sourceTree = "<group>"; };
		0D7B81FA2CE83A800056F965 /* CoreDataStoring.swift */ = {isa = PBXFileReference; lastKnownFileType = sourcecode.swift; path = CoreDataStoring.swift; sourceTree = "<group>"; };
		0D7B81FE2CE83B890056F965 /* UserEntity.swift */ = {isa = PBXFileReference; lastKnownFileType = sourcecode.swift; path = UserEntity.swift; sourceTree = "<group>"; };
		0D7B82002CE843BB0056F965 /* String+Extension.swift */ = {isa = PBXFileReference; lastKnownFileType = sourcecode.swift; path = "String+Extension.swift"; sourceTree = "<group>"; };
		0D7B82042CEC0A520056F965 /* LoginDomain.swift */ = {isa = PBXFileReference; lastKnownFileType = sourcecode.swift; path = LoginDomain.swift; sourceTree = "<group>"; };
		0D7B82062CEF5F260056F965 /* UIButton+Extension.swift */ = {isa = PBXFileReference; lastKnownFileType = sourcecode.swift; path = "UIButton+Extension.swift"; sourceTree = "<group>"; };
		0DBE139E2CF431E300CF58F5 /* UIWindow+Extenion.swift */ = {isa = PBXFileReference; lastKnownFileType = sourcecode.swift; path = "UIWindow+Extenion.swift"; sourceTree = "<group>"; };
		0DBE13A12CF4D1DE00CF58F5 /* UIView+Extension.swift */ = {isa = PBXFileReference; lastKnownFileType = sourcecode.swift; path = "UIView+Extension.swift"; sourceTree = "<group>"; };
		0DBE13A32CF5355700CF58F5 /* UICodeControl.swift */ = {isa = PBXFileReference; lastKnownFileType = sourcecode.swift; path = UICodeControl.swift; sourceTree = "<group>"; };
		0DBE13A52CF5636A00CF58F5 /* ItemSelectorView.swift */ = {isa = PBXFileReference; lastKnownFileType = sourcecode.swift; path = ItemSelectorView.swift; sourceTree = "<group>"; };
		0DBE13A72CF564D900CF58F5 /* HomeItemButton.swift */ = {isa = PBXFileReference; lastKnownFileType = sourcecode.swift; path = HomeItemButton.swift; sourceTree = "<group>"; };
		0DBE13A92CF598C900CF58F5 /* VehiclesSalesViewController.swift */ = {isa = PBXFileReference; lastKnownFileType = sourcecode.swift; path = VehiclesSalesViewController.swift; sourceTree = "<group>"; };
		0DBE13AB2CF598EB00CF58F5 /* VehicleSalesView.swift */ = {isa = PBXFileReference; lastKnownFileType = sourcecode.swift; path = VehicleSalesView.swift; sourceTree = "<group>"; };
		0DBE13AD2CF5FDCC00CF58F5 /* VehicleItemCell.swift */ = {isa = PBXFileReference; lastKnownFileType = sourcecode.swift; path = VehicleItemCell.swift; sourceTree = "<group>"; };
		0DBE13AF2CF600DC00CF58F5 /* UICodeTableViewCell.swift */ = {isa = PBXFileReference; lastKnownFileType = sourcecode.swift; path = UICodeTableViewCell.swift; sourceTree = "<group>"; };
		0DBE13B62CF82B3700CF58F5 /* VehicleRegisterViewController.swift */ = {isa = PBXFileReference; lastKnownFileType = sourcecode.swift; path = VehicleRegisterViewController.swift; sourceTree = "<group>"; };
		0DBE13B82CF8351200CF58F5 /* UIDecimalField.swift */ = {isa = PBXFileReference; lastKnownFileType = sourcecode.swift; path = UIDecimalField.swift; sourceTree = "<group>"; };
		0DBE13BA2CF8C9BC00CF58F5 /* VehicleRegisterView.swift */ = {isa = PBXFileReference; lastKnownFileType = sourcecode.swift; path = VehicleRegisterView.swift; sourceTree = "<group>"; };
		0DBE13BC2CF8CCAD00CF58F5 /* Decimal+Extension.swift */ = {isa = PBXFileReference; lastKnownFileType = sourcecode.swift; path = "Decimal+Extension.swift"; sourceTree = "<group>"; };
		0DBE13BE2CF8FD3A00CF58F5 /* UIOptionAlert.swift */ = {isa = PBXFileReference; lastKnownFileType = sourcecode.swift; path = UIOptionAlert.swift; sourceTree = "<group>"; };
		0DBE13C02CF901FC00CF58F5 /* UIContentScrollView.swift */ = {isa = PBXFileReference; lastKnownFileType = sourcecode.swift; path = UIContentScrollView.swift; sourceTree = "<group>"; };
		0DE9B1A62CCC58F50060B154 /* Sigma.app */ = {isa = PBXFileReference; explicitFileType = wrapper.application; includeInIndex = 0; path = Sigma.app; sourceTree = BUILT_PRODUCTS_DIR; };
		0DE9B1A92CCC58F50060B154 /* AppDelegate.swift */ = {isa = PBXFileReference; lastKnownFileType = sourcecode.swift; path = AppDelegate.swift; sourceTree = "<group>"; };
		0DE9B1AB2CCC58F50060B154 /* SceneDelegate.swift */ = {isa = PBXFileReference; lastKnownFileType = sourcecode.swift; path = SceneDelegate.swift; sourceTree = "<group>"; };
		0DE9B1B22CCC58F70060B154 /* Assets.xcassets */ = {isa = PBXFileReference; lastKnownFileType = folder.assetcatalog; path = Assets.xcassets; sourceTree = "<group>"; };
		0DE9B1B52CCC58F70060B154 /* Base */ = {isa = PBXFileReference; lastKnownFileType = file.storyboard; name = Base; path = Base.lproj/LaunchScreen.storyboard; sourceTree = "<group>"; };
		0DE9B1B72CCC58F70060B154 /* Info.plist */ = {isa = PBXFileReference; lastKnownFileType = text.plist.xml; path = Info.plist; sourceTree = "<group>"; };
		0DE9B1C02CCECA400060B154 /* Sigma.entitlements */ = {isa = PBXFileReference; lastKnownFileType = text.plist.entitlements; path = Sigma.entitlements; sourceTree = "<group>"; };
		0DE9B1C42CCFDEC00060B154 /* ClientModel.swift */ = {isa = PBXFileReference; lastKnownFileType = sourcecode.swift; path = ClientModel.swift; sourceTree = "<group>"; };
		0DE9B1C62CD015AC0060B154 /* SellerModel.swift */ = {isa = PBXFileReference; lastKnownFileType = sourcecode.swift; path = SellerModel.swift; sourceTree = "<group>"; };
		0DE9B1C82CD0165D0060B154 /* VehicleModel.swift */ = {isa = PBXFileReference; lastKnownFileType = sourcecode.swift; path = VehicleModel.swift; sourceTree = "<group>"; };
		0DE9B1CA2CD017A60060B154 /* OperationModel.swift */ = {isa = PBXFileReference; lastKnownFileType = sourcecode.swift; path = OperationModel.swift; sourceTree = "<group>"; };
		0DE9B1CC2CD01AE20060B154 /* OrderModel.swift */ = {isa = PBXFileReference; lastKnownFileType = sourcecode.swift; path = OrderModel.swift; sourceTree = "<group>"; };
		0DE9B1CE2CD01B4A0060B154 /* ManufacturerModel.swift */ = {isa = PBXFileReference; lastKnownFileType = sourcecode.swift; path = ManufacturerModel.swift; sourceTree = "<group>"; };
/* End PBXFileReference section */

/* Begin PBXFrameworksBuildPhase section */
		0DE9B1A32CCC58F50060B154 /* Frameworks */ = {
			isa = PBXFrameworksBuildPhase;
			buildActionMask = 2147483647;
			files = (
				0DE9B1BF2CCEC5680060B154 /* Stevia in Frameworks */,
			);
			runOnlyForDeploymentPostprocessing = 0;
		};
/* End PBXFrameworksBuildPhase section */

/* Begin PBXGroup section */
		0D067E882CD1AF8B006FA958 /* Scenes */ = {
			isa = PBXGroup;
			children = (
				0D7B81E62CE7D2890056F965 /* Login */,
				0D227AF22CF421D000C92CD8 /* Home */,
				0DBE13A02CF4CEA300CF58F5 /* Vehicles */,
				0D067E892CD1AFB2006FA958 /* Client */,
			);
			path = Scenes;
			sourceTree = "<group>";
		};
		0D067E892CD1AFB2006FA958 /* Client */ = {
			isa = PBXGroup;
			children = (
				0D067E8A2CD1AFCB006FA958 /* ClientsListViewController.swift */,
			);
			path = Client;
			sourceTree = "<group>";
		};
		0D067E8C2CD5941C006FA958 /* Components */ = {
			isa = PBXGroup;
			children = (
				0D067E8E2CD5942D006FA958 /* Classes */,
				0D067E8F2CD59437006FA958 /* Extensions */,
			);
			path = Components;
			sourceTree = "<group>";
		};
		0D067E8E2CD5942D006FA958 /* Classes */ = {
			isa = PBXGroup;
			children = (
				0DBE13A52CF5636A00CF58F5 /* ItemSelectorView.swift */,
				0DBE13A32CF5355700CF58F5 /* UICodeControl.swift */,
				0D7B81EB2CE7D3D10056F965 /* UICodeView.swift */,
				0D7B81E92CE7D3000056F965 /* UICodeViewController.swift */,
				0DBE13AF2CF600DC00CF58F5 /* UICodeTableViewCell.swift */,
				0DBE13B82CF8351200CF58F5 /* UIDecimalField.swift */,
				0D7B81EF2CE7D5670056F965 /* UIPaddingTextField.swift */,
				0DBE13BE2CF8FD3A00CF58F5 /* UIOptionAlert.swift */,
				0DBE13C02CF901FC00CF58F5 /* UIContentScrollView.swift */,
			);
			path = Classes;
			sourceTree = "<group>";
		};
		0D067E8F2CD59437006FA958 /* Extensions */ = {
			isa = PBXGroup;
			children = (
				0DBE13BC2CF8CCAD00CF58F5 /* Decimal+Extension.swift */,
				0D7B82002CE843BB0056F965 /* String+Extension.swift */,
				0D7B82062CEF5F260056F965 /* UIButton+Extension.swift */,
				0D7B81F12CE7DE890056F965 /* UIStackView+Extension.swift */,
				0D067E902CD5950E006FA958 /* UITableView+Extension.swift */,
				0DBE13A12CF4D1DE00CF58F5 /* UIView+Extension.swift */,
				0DBE139E2CF431E300CF58F5 /* UIWindow+Extenion.swift */,
			);
			path = Extensions;
			sourceTree = "<group>";
		};
		0D227AF22CF421D000C92CD8 /* Home */ = {
			isa = PBXGroup;
			children = (
				0DBE13A72CF564D900CF58F5 /* HomeItemButton.swift */,
				0D227AF72CF42A5A00C92CD8 /* HomeOptionsView.swift */,
				0D227AF52CF42A3500C92CD8 /* HomeOptionsViewController.swift */,
				0D227AF32CF421E800C92CD8 /* HomeSplitViewController.swift */,
			);
			path = Home;
			sourceTree = "<group>";
		};
		0D7B81E62CE7D2890056F965 /* Login */ = {
			isa = PBXGroup;
			children = (
				0D7B81ED2CE7D4820056F965 /* LoginView.swift */,
				0D7B81E72CE7D2B30056F965 /* LoginViewController.swift */,
			);
			path = Login;
			sourceTree = "<group>";
		};
		0D7B81F32CE8354E0056F965 /* Storage */ = {
			isa = PBXGroup;
			children = (
				0D7B81FD2CE83B5E0056F965 /* Entities */,
				0D7B81F42CE8357C0056F965 /* CoreData */,
			);
			path = Storage;
			sourceTree = "<group>";
		};
		0D7B81F42CE8357C0056F965 /* CoreData */ = {
			isa = PBXGroup;
			children = (
				0D7B81F52CE835A70056F965 /* CoreDataModel.xcdatamodeld */,
				0D7B81F82CE83A400056F965 /* CoreDataModel.swift */,
				0D7B81FA2CE83A800056F965 /* CoreDataStoring.swift */,
			);
			path = CoreData;
			sourceTree = "<group>";
		};
		0D7B81FD2CE83B5E0056F965 /* Entities */ = {
			isa = PBXGroup;
			children = (
				0D7B81FE2CE83B890056F965 /* UserEntity.swift */,
			);
			path = Entities;
			sourceTree = "<group>";
		};
		0D7B82032CEC0A020056F965 /* Domain */ = {
			isa = PBXGroup;
			children = (
				0DE9B1C32CCFDE7F0060B154 /* Models */,
				0D7B82042CEC0A520056F965 /* LoginDomain.swift */,
			);
			path = Domain;
			sourceTree = "<group>";
		};
		0DBE13A02CF4CEA300CF58F5 /* Vehicles */ = {
			isa = PBXGroup;
			children = (
				0DBE13B52CF82B0400CF58F5 /* Edit */,
				0DBE13B42CF82AFA00CF58F5 /* List */,
			);
			path = Vehicles;
			sourceTree = "<group>";
		};
		0DBE13B42CF82AFA00CF58F5 /* List */ = {
			isa = PBXGroup;
			children = (
				0DBE13AD2CF5FDCC00CF58F5 /* VehicleItemCell.swift */,
				0DBE13AB2CF598EB00CF58F5 /* VehicleSalesView.swift */,
				0DBE13A92CF598C900CF58F5 /* VehiclesSalesViewController.swift */,
			);
			path = List;
			sourceTree = "<group>";
		};
		0DBE13B52CF82B0400CF58F5 /* Edit */ = {
			isa = PBXGroup;
			children = (
				0DBE13BA2CF8C9BC00CF58F5 /* VehicleRegisterView.swift */,
				0DBE13B62CF82B3700CF58F5 /* VehicleRegisterViewController.swift */,
			);
			path = Edit;
			sourceTree = "<group>";
		};
		0DE9B19D2CCC58F50060B154 = {
			isa = PBXGroup;
			children = (
				0DE9B1A82CCC58F50060B154 /* Sigma */,
				0DE9B1A72CCC58F50060B154 /* Products */,
			);
			sourceTree = "<group>";
		};
		0DE9B1A72CCC58F50060B154 /* Products */ = {
			isa = PBXGroup;
			children = (
				0DE9B1A62CCC58F50060B154 /* Sigma.app */,
			);
			name = Products;
			sourceTree = "<group>";
		};
		0DE9B1A82CCC58F50060B154 /* Sigma */ = {
			isa = PBXGroup;
			children = (
				0D7B81F32CE8354E0056F965 /* Storage */,
				0D7B82032CEC0A020056F965 /* Domain */,
				0D067E882CD1AF8B006FA958 /* Scenes */,
				0D067E8C2CD5941C006FA958 /* Components */,
				0DE9B1C02CCECA400060B154 /* Sigma.entitlements */,
				0DE9B1A92CCC58F50060B154 /* AppDelegate.swift */,
				0DE9B1AB2CCC58F50060B154 /* SceneDelegate.swift */,
				0DE9B1B22CCC58F70060B154 /* Assets.xcassets */,
				0DE9B1B42CCC58F70060B154 /* LaunchScreen.storyboard */,
				0DE9B1B72CCC58F70060B154 /* Info.plist */,
			);
			path = Sigma;
			sourceTree = "<group>";
		};
		0DE9B1C32CCFDE7F0060B154 /* Models */ = {
			isa = PBXGroup;
			children = (
				0DE9B1C42CCFDEC00060B154 /* ClientModel.swift */,
				0DE9B1C62CD015AC0060B154 /* SellerModel.swift */,
				0DE9B1C82CD0165D0060B154 /* VehicleModel.swift */,
				0DE9B1CA2CD017A60060B154 /* OperationModel.swift */,
				0DE9B1CC2CD01AE20060B154 /* OrderModel.swift */,
				0DE9B1CE2CD01B4A0060B154 /* ManufacturerModel.swift */,
			);
			path = Models;
			sourceTree = "<group>";
		};
/* End PBXGroup section */

/* Begin PBXNativeTarget section */
		0DE9B1A52CCC58F50060B154 /* Sigma */ = {
			isa = PBXNativeTarget;
			buildConfigurationList = 0DE9B1BA2CCC58F70060B154 /* Build configuration list for PBXNativeTarget "Sigma" */;
			buildPhases = (
				0DE9B1A22CCC58F50060B154 /* Sources */,
				0DE9B1A32CCC58F50060B154 /* Frameworks */,
				0DE9B1A42CCC58F50060B154 /* Resources */,
			);
			buildRules = (
			);
			dependencies = (
			);
			name = Sigma;
			packageProductDependencies = (
				0DE9B1BE2CCEC5680060B154 /* Stevia */,
			);
			productName = Sigma;
			productReference = 0DE9B1A62CCC58F50060B154 /* Sigma.app */;
			productType = "com.apple.product-type.application";
		};
/* End PBXNativeTarget section */

/* Begin PBXProject section */
		0DE9B19E2CCC58F50060B154 /* Project object */ = {
			isa = PBXProject;
			attributes = {
				BuildIndependentTargetsInParallel = 1;
				LastSwiftUpdateCheck = 1420;
				LastUpgradeCheck = 1420;
				TargetAttributes = {
					0DE9B1A52CCC58F50060B154 = {
						CreatedOnToolsVersion = 14.2;
					};
				};
			};
			buildConfigurationList = 0DE9B1A12CCC58F50060B154 /* Build configuration list for PBXProject "Sigma" */;
			compatibilityVersion = "Xcode 14.0";
			developmentRegion = en;
			hasScannedForEncodings = 0;
			knownRegions = (
				en,
				Base,
			);
			mainGroup = 0DE9B19D2CCC58F50060B154;
			packageReferences = (
				0DE9B1BD2CCEC5680060B154 /* XCRemoteSwiftPackageReference "Stevia" */,
			);
			productRefGroup = 0DE9B1A72CCC58F50060B154 /* Products */;
			projectDirPath = "";
			projectRoot = "";
			targets = (
				0DE9B1A52CCC58F50060B154 /* Sigma */,
			);
		};
/* End PBXProject section */

/* Begin PBXResourcesBuildPhase section */
		0DE9B1A42CCC58F50060B154 /* Resources */ = {
			isa = PBXResourcesBuildPhase;
			buildActionMask = 2147483647;
			files = (
				0DE9B1B62CCC58F70060B154 /* LaunchScreen.storyboard in Resources */,
				0DE9B1B32CCC58F70060B154 /* Assets.xcassets in Resources */,
			);
			runOnlyForDeploymentPostprocessing = 0;
		};
/* End PBXResourcesBuildPhase section */

/* Begin PBXSourcesBuildPhase section */
		0DE9B1A22CCC58F50060B154 /* Sources */ = {
			isa = PBXSourcesBuildPhase;
			buildActionMask = 2147483647;
			files = (
				0D7B81E82CE7D2B30056F965 /* LoginViewController.swift in Sources */,
				0D7B81F92CE83A400056F965 /* CoreDataModel.swift in Sources */,
				0D7B81F02CE7D5670056F965 /* UIPaddingTextField.swift in Sources */,
				0D7B81F72CE835A70056F965 /* CoreDataModel.xcdatamodeld in Sources */,
				0DBE13AA2CF598C900CF58F5 /* VehiclesSalesViewController.swift in Sources */,
				0D227AF42CF421E800C92CD8 /* HomeSplitViewController.swift in Sources */,
				0D7B81FF2CE83B890056F965 /* UserEntity.swift in Sources */,
				0DBE139F2CF431E300CF58F5 /* UIWindow+Extenion.swift in Sources */,
				0DBE13B92CF8351200CF58F5 /* UIDecimalField.swift in Sources */,
				0D7B82052CEC0A520056F965 /* LoginDomain.swift in Sources */,
				0DBE13B02CF600DC00CF58F5 /* UICodeTableViewCell.swift in Sources */,
				0D067E912CD5950E006FA958 /* UITableView+Extension.swift in Sources */,
				0D7B81EA2CE7D3000056F965 /* UICodeViewController.swift in Sources */,
				0D7B81EE2CE7D4820056F965 /* LoginView.swift in Sources */,
				0DE9B1CD2CD01AE20060B154 /* OrderModel.swift in Sources */,
				0DE9B1C52CCFDEC00060B154 /* ClientModel.swift in Sources */,
				0D7B81FB2CE83A800056F965 /* CoreDataStoring.swift in Sources */,
				0DBE13AC2CF598EB00CF58F5 /* VehicleSalesView.swift in Sources */,
				0DBE13A62CF5636A00CF58F5 /* ItemSelectorView.swift in Sources */,
				0DBE13B72CF82B3700CF58F5 /* VehicleRegisterViewController.swift in Sources */,
				0D7B81F22CE7DE890056F965 /* UIStackView+Extension.swift in Sources */,
				0DBE13BF2CF8FD3A00CF58F5 /* UIOptionAlert.swift in Sources */,
				0DBE13A82CF564D900CF58F5 /* HomeItemButton.swift in Sources */,
				0D227AF62CF42A3500C92CD8 /* HomeOptionsViewController.swift in Sources */,
				0DBE13BD2CF8CCAD00CF58F5 /* Decimal+Extension.swift in Sources */,
				0D7B82012CE843BB0056F965 /* String+Extension.swift in Sources */,
				0DE9B1CF2CD01B4A0060B154 /* ManufacturerModel.swift in Sources */,
				0DE9B1AA2CCC58F50060B154 /* AppDelegate.swift in Sources */,
				0D067E8B2CD1AFCB006FA958 /* ClientsListViewController.swift in Sources */,
				0DE9B1CB2CD017A70060B154 /* OperationModel.swift in Sources */,
				0DE9B1C72CD015AC0060B154 /* SellerModel.swift in Sources */,
				0DBE13A22CF4D1DE00CF58F5 /* UIView+Extension.swift in Sources */,
				0D7B81EC2CE7D3D10056F965 /* UICodeView.swift in Sources */,
				0DBE13A42CF5355700CF58F5 /* UICodeControl.swift in Sources */,
				0DBE13BB2CF8C9BC00CF58F5 /* VehicleRegisterView.swift in Sources */,
				0DBE13C12CF901FC00CF58F5 /* UIContentScrollView.swift in Sources */,
				0D227AF82CF42A5A00C92CD8 /* HomeOptionsView.swift in Sources */,
				0DE9B1C92CD0165D0060B154 /* VehicleModel.swift in Sources */,
				0D7B82072CEF5F260056F965 /* UIButton+Extension.swift in Sources */,
				0DE9B1AC2CCC58F50060B154 /* SceneDelegate.swift in Sources */,
				0DBE13AE2CF5FDCC00CF58F5 /* VehicleItemCell.swift in Sources */,
			);
			runOnlyForDeploymentPostprocessing = 0;
		};
/* End PBXSourcesBuildPhase section */

/* Begin PBXVariantGroup section */
		0DE9B1B42CCC58F70060B154 /* LaunchScreen.storyboard */ = {
			isa = PBXVariantGroup;
			children = (
				0DE9B1B52CCC58F70060B154 /* Base */,
			);
			name = LaunchScreen.storyboard;
			sourceTree = "<group>";
		};
/* End PBXVariantGroup section */

/* Begin XCBuildConfiguration section */
		0DE9B1B82CCC58F70060B154 /* Debug */ = {
			isa = XCBuildConfiguration;
			buildSettings = {
				ALWAYS_SEARCH_USER_PATHS = NO;
				CLANG_ANALYZER_NONNULL = YES;
				CLANG_ANALYZER_NUMBER_OBJECT_CONVERSION = YES_AGGRESSIVE;
				CLANG_CXX_LANGUAGE_STANDARD = "gnu++20";
				CLANG_ENABLE_MODULES = YES;
				CLANG_ENABLE_OBJC_ARC = YES;
				CLANG_ENABLE_OBJC_WEAK = YES;
				CLANG_WARN_BLOCK_CAPTURE_AUTORELEASING = YES;
				CLANG_WARN_BOOL_CONVERSION = YES;
				CLANG_WARN_COMMA = YES;
				CLANG_WARN_CONSTANT_CONVERSION = YES;
				CLANG_WARN_DEPRECATED_OBJC_IMPLEMENTATIONS = YES;
				CLANG_WARN_DIRECT_OBJC_ISA_USAGE = YES_ERROR;
				CLANG_WARN_DOCUMENTATION_COMMENTS = YES;
				CLANG_WARN_EMPTY_BODY = YES;
				CLANG_WARN_ENUM_CONVERSION = YES;
				CLANG_WARN_INFINITE_RECURSION = YES;
				CLANG_WARN_INT_CONVERSION = YES;
				CLANG_WARN_NON_LITERAL_NULL_CONVERSION = YES;
				CLANG_WARN_OBJC_IMPLICIT_RETAIN_SELF = YES;
				CLANG_WARN_OBJC_LITERAL_CONVERSION = YES;
				CLANG_WARN_OBJC_ROOT_CLASS = YES_ERROR;
				CLANG_WARN_QUOTED_INCLUDE_IN_FRAMEWORK_HEADER = YES;
				CLANG_WARN_RANGE_LOOP_ANALYSIS = YES;
				CLANG_WARN_STRICT_PROTOTYPES = YES;
				CLANG_WARN_SUSPICIOUS_MOVE = YES;
				CLANG_WARN_UNGUARDED_AVAILABILITY = YES_AGGRESSIVE;
				CLANG_WARN_UNREACHABLE_CODE = YES;
				CLANG_WARN__DUPLICATE_METHOD_MATCH = YES;
				COPY_PHASE_STRIP = NO;
				DEBUG_INFORMATION_FORMAT = dwarf;
				ENABLE_STRICT_OBJC_MSGSEND = YES;
				ENABLE_TESTABILITY = YES;
				GCC_C_LANGUAGE_STANDARD = gnu11;
				GCC_DYNAMIC_NO_PIC = NO;
				GCC_NO_COMMON_BLOCKS = YES;
				GCC_OPTIMIZATION_LEVEL = 0;
				GCC_PREPROCESSOR_DEFINITIONS = (
					"DEBUG=1",
					"$(inherited)",
				);
				GCC_WARN_64_TO_32_BIT_CONVERSION = YES;
				GCC_WARN_ABOUT_RETURN_TYPE = YES_ERROR;
				GCC_WARN_UNDECLARED_SELECTOR = YES;
				GCC_WARN_UNINITIALIZED_AUTOS = YES_AGGRESSIVE;
				GCC_WARN_UNUSED_FUNCTION = YES;
				GCC_WARN_UNUSED_VARIABLE = YES;
				IPHONEOS_DEPLOYMENT_TARGET = 16.2;
				MTL_ENABLE_DEBUG_INFO = INCLUDE_SOURCE;
				MTL_FAST_MATH = YES;
				ONLY_ACTIVE_ARCH = YES;
				SDKROOT = iphoneos;
				SWIFT_ACTIVE_COMPILATION_CONDITIONS = DEBUG;
				SWIFT_OPTIMIZATION_LEVEL = "-Onone";
			};
			name = Debug;
		};
		0DE9B1B92CCC58F70060B154 /* Release */ = {
			isa = XCBuildConfiguration;
			buildSettings = {
				ALWAYS_SEARCH_USER_PATHS = NO;
				CLANG_ANALYZER_NONNULL = YES;
				CLANG_ANALYZER_NUMBER_OBJECT_CONVERSION = YES_AGGRESSIVE;
				CLANG_CXX_LANGUAGE_STANDARD = "gnu++20";
				CLANG_ENABLE_MODULES = YES;
				CLANG_ENABLE_OBJC_ARC = YES;
				CLANG_ENABLE_OBJC_WEAK = YES;
				CLANG_WARN_BLOCK_CAPTURE_AUTORELEASING = YES;
				CLANG_WARN_BOOL_CONVERSION = YES;
				CLANG_WARN_COMMA = YES;
				CLANG_WARN_CONSTANT_CONVERSION = YES;
				CLANG_WARN_DEPRECATED_OBJC_IMPLEMENTATIONS = YES;
				CLANG_WARN_DIRECT_OBJC_ISA_USAGE = YES_ERROR;
				CLANG_WARN_DOCUMENTATION_COMMENTS = YES;
				CLANG_WARN_EMPTY_BODY = YES;
				CLANG_WARN_ENUM_CONVERSION = YES;
				CLANG_WARN_INFINITE_RECURSION = YES;
				CLANG_WARN_INT_CONVERSION = YES;
				CLANG_WARN_NON_LITERAL_NULL_CONVERSION = YES;
				CLANG_WARN_OBJC_IMPLICIT_RETAIN_SELF = YES;
				CLANG_WARN_OBJC_LITERAL_CONVERSION = YES;
				CLANG_WARN_OBJC_ROOT_CLASS = YES_ERROR;
				CLANG_WARN_QUOTED_INCLUDE_IN_FRAMEWORK_HEADER = YES;
				CLANG_WARN_RANGE_LOOP_ANALYSIS = YES;
				CLANG_WARN_STRICT_PROTOTYPES = YES;
				CLANG_WARN_SUSPICIOUS_MOVE = YES;
				CLANG_WARN_UNGUARDED_AVAILABILITY = YES_AGGRESSIVE;
				CLANG_WARN_UNREACHABLE_CODE = YES;
				CLANG_WARN__DUPLICATE_METHOD_MATCH = YES;
				COPY_PHASE_STRIP = NO;
				DEBUG_INFORMATION_FORMAT = "dwarf-with-dsym";
				ENABLE_NS_ASSERTIONS = NO;
				ENABLE_STRICT_OBJC_MSGSEND = YES;
				GCC_C_LANGUAGE_STANDARD = gnu11;
				GCC_NO_COMMON_BLOCKS = YES;
				GCC_WARN_64_TO_32_BIT_CONVERSION = YES;
				GCC_WARN_ABOUT_RETURN_TYPE = YES_ERROR;
				GCC_WARN_UNDECLARED_SELECTOR = YES;
				GCC_WARN_UNINITIALIZED_AUTOS = YES_AGGRESSIVE;
				GCC_WARN_UNUSED_FUNCTION = YES;
				GCC_WARN_UNUSED_VARIABLE = YES;
				IPHONEOS_DEPLOYMENT_TARGET = 16.2;
				MTL_ENABLE_DEBUG_INFO = NO;
				MTL_FAST_MATH = YES;
				SDKROOT = iphoneos;
				SWIFT_COMPILATION_MODE = wholemodule;
				SWIFT_OPTIMIZATION_LEVEL = "-O";
				VALIDATE_PRODUCT = YES;
			};
			name = Release;
		};
		0DE9B1BB2CCC58F70060B154 /* Debug */ = {
			isa = XCBuildConfiguration;
			buildSettings = {
				ASSETCATALOG_COMPILER_APPICON_NAME = AppIcon;
				ASSETCATALOG_COMPILER_GLOBAL_ACCENT_COLOR_NAME = AccentColor;
				CODE_SIGN_ENTITLEMENTS = Sigma/Sigma.entitlements;
				CODE_SIGN_STYLE = Automatic;
				CURRENT_PROJECT_VERSION = 1;
				DEVELOPMENT_TEAM = XCSQ883CT6;
				GENERATE_INFOPLIST_FILE = YES;
				INFOPLIST_FILE = Sigma/Info.plist;
				INFOPLIST_KEY_LSApplicationCategoryType = "public.app-category.shopping";
				INFOPLIST_KEY_UIApplicationSupportsIndirectInputEvents = YES;
				INFOPLIST_KEY_UILaunchStoryboardName = LaunchScreen;
				INFOPLIST_KEY_UISupportedInterfaceOrientations = UIInterfaceOrientationPortrait;
				INFOPLIST_KEY_UISupportedInterfaceOrientations_iPad = "UIInterfaceOrientationLandscapeLeft UIInterfaceOrientationLandscapeRight UIInterfaceOrientationPortrait UIInterfaceOrientationPortraitUpsideDown";
				IPHONEOS_DEPLOYMENT_TARGET = 13.6;
				LD_RUNPATH_SEARCH_PATHS = (
					"$(inherited)",
					"@executable_path/Frameworks",
				);
				MARKETING_VERSION = 1.0.0;
				PRODUCT_BUNDLE_IDENTIFIER = com.VitraAsura.Sigma;
				PRODUCT_NAME = "$(TARGET_NAME)";
				SUPPORTED_PLATFORMS = "iphoneos iphonesimulator";
				SUPPORTS_MACCATALYST = YES;
				SUPPORTS_MAC_DESIGNED_FOR_IPHONE_IPAD = NO;
				SWIFT_EMIT_LOC_STRINGS = YES;
				SWIFT_VERSION = 5.0;
				TARGETED_DEVICE_FAMILY = 2;
			};
			name = Debug;
		};
		0DE9B1BC2CCC58F70060B154 /* Release */ = {
			isa = XCBuildConfiguration;
			buildSettings = {
				ASSETCATALOG_COMPILER_APPICON_NAME = AppIcon;
				ASSETCATALOG_COMPILER_GLOBAL_ACCENT_COLOR_NAME = AccentColor;
				CODE_SIGN_ENTITLEMENTS = Sigma/Sigma.entitlements;
				CODE_SIGN_STYLE = Automatic;
				CURRENT_PROJECT_VERSION = 1;
				DEVELOPMENT_TEAM = XCSQ883CT6;
				GENERATE_INFOPLIST_FILE = YES;
				INFOPLIST_FILE = Sigma/Info.plist;
				INFOPLIST_KEY_LSApplicationCategoryType = "public.app-category.shopping";
				INFOPLIST_KEY_UIApplicationSupportsIndirectInputEvents = YES;
				INFOPLIST_KEY_UILaunchStoryboardName = LaunchScreen;
				INFOPLIST_KEY_UISupportedInterfaceOrientations = UIInterfaceOrientationPortrait;
				INFOPLIST_KEY_UISupportedInterfaceOrientations_iPad = "UIInterfaceOrientationLandscapeLeft UIInterfaceOrientationLandscapeRight UIInterfaceOrientationPortrait UIInterfaceOrientationPortraitUpsideDown";
				IPHONEOS_DEPLOYMENT_TARGET = 13.6;
				LD_RUNPATH_SEARCH_PATHS = (
					"$(inherited)",
					"@executable_path/Frameworks",
				);
				MARKETING_VERSION = 1.0.0;
				PRODUCT_BUNDLE_IDENTIFIER = com.VitraAsura.Sigma;
				PRODUCT_NAME = "$(TARGET_NAME)";
				SUPPORTED_PLATFORMS = "iphoneos iphonesimulator";
				SUPPORTS_MACCATALYST = YES;
				SUPPORTS_MAC_DESIGNED_FOR_IPHONE_IPAD = NO;
				SWIFT_EMIT_LOC_STRINGS = YES;
				SWIFT_VERSION = 5.0;
				TARGETED_DEVICE_FAMILY = 2;
			};
			name = Release;
		};
/* End XCBuildConfiguration section */

/* Begin XCConfigurationList section */
		0DE9B1A12CCC58F50060B154 /* Build configuration list for PBXProject "Sigma" */ = {
			isa = XCConfigurationList;
			buildConfigurations = (
				0DE9B1B82CCC58F70060B154 /* Debug */,
				0DE9B1B92CCC58F70060B154 /* Release */,
			);
			defaultConfigurationIsVisible = 0;
			defaultConfigurationName = Release;
		};
		0DE9B1BA2CCC58F70060B154 /* Build configuration list for PBXNativeTarget "Sigma" */ = {
			isa = XCConfigurationList;
			buildConfigurations = (
				0DE9B1BB2CCC58F70060B154 /* Debug */,
				0DE9B1BC2CCC58F70060B154 /* Release */,
			);
			defaultConfigurationIsVisible = 0;
			defaultConfigurationName = Release;
		};
/* End XCConfigurationList section */

/* Begin XCRemoteSwiftPackageReference section */
		0DE9B1BD2CCEC5680060B154 /* XCRemoteSwiftPackageReference "Stevia" */ = {
			isa = XCRemoteSwiftPackageReference;
			repositoryURL = "https://github.com/freshOS/Stevia";
			requirement = {
				kind = upToNextMajorVersion;
				minimumVersion = 5.0.0;
			};
		};
/* End XCRemoteSwiftPackageReference section */

/* Begin XCSwiftPackageProductDependency section */
		0DE9B1BE2CCEC5680060B154 /* Stevia */ = {
			isa = XCSwiftPackageProductDependency;
			package = 0DE9B1BD2CCEC5680060B154 /* XCRemoteSwiftPackageReference "Stevia" */;
			productName = Stevia;
		};
/* End XCSwiftPackageProductDependency section */

/* Begin XCVersionGroup section */
		0D7B81F52CE835A70056F965 /* CoreDataModel.xcdatamodeld */ = {
			isa = XCVersionGroup;
			children = (
				0D7B81F62CE835A70056F965 /* CoreData.xcdatamodel */,
			);
			currentVersion = 0D7B81F62CE835A70056F965 /* CoreData.xcdatamodel */;
			path = CoreDataModel.xcdatamodeld;
			sourceTree = "<group>";
			versionGroupType = wrapper.xcdatamodel;
		};
/* End XCVersionGroup section */
	};
	rootObject = 0DE9B19E2CCC58F50060B154 /* Project object */;
}
